// !$*UTF8*$!
{
	archiveVersion = 1;
	classes = {
	};
	objectVersion = 46;
	objects = {

/* Begin PBXBuildFile section */
		053E05C71CE4D2180090E949 /* YCEssenceViewController.m in Sources */ = {isa = PBXBuildFile; fileRef = 053E05A21CE4D2180090E949 /* YCEssenceViewController.m */; };
		053E05C81CE4D2180090E949 /* YCFriendTrendsViewController.m in Sources */ = {isa = PBXBuildFile; fileRef = 053E05A81CE4D2180090E949 /* YCFriendTrendsViewController.m */; };
		053E05C91CE4D2180090E949 /* YCMeViewController.m in Sources */ = {isa = PBXBuildFile; fileRef = 053E05AE1CE4D2180090E949 /* YCMeViewController.m */; };
		053E05CA1CE4D2180090E949 /* YCNewViewController.m in Sources */ = {isa = PBXBuildFile; fileRef = 053E05B41CE4D2180090E949 /* YCNewViewController.m */; };
		053E05CB1CE4D2180090E949 /* AppDelegate.m in Sources */ = {isa = PBXBuildFile; fileRef = 053E05B91CE4D2180090E949 /* AppDelegate.m */; };
		053E05CC1CE4D2180090E949 /* UIBarButtonItem+YCExtension.m in Sources */ = {isa = PBXBuildFile; fileRef = 053E05BC1CE4D2180090E949 /* UIBarButtonItem+YCExtension.m */; };
		053E05CD1CE4D2180090E949 /* UIView+YCExtensiom.m in Sources */ = {isa = PBXBuildFile; fileRef = 053E05BE1CE4D2180090E949 /* UIView+YCExtensiom.m */; };
		053E05CE1CE4D2180090E949 /* YCTabBarController.m in Sources */ = {isa = PBXBuildFile; fileRef = 053E05C11CE4D2180090E949 /* YCTabBarController.m */; };
		053E05CF1CE4D2180090E949 /* main.m in Sources */ = {isa = PBXBuildFile; fileRef = 053E05C21CE4D2180090E949 /* main.m */; };
		053E05D01CE4D2180090E949 /* YCTabBar.m in Sources */ = {isa = PBXBuildFile; fileRef = 053E05C61CE4D2180090E949 /* YCTabBar.m */; };
		058517DE1CE6D9CD00594648 /* YCNavigationController.m in Sources */ = {isa = PBXBuildFile; fileRef = 058517DD1CE6D9CD00594648 /* YCNavigationController.m */; };
		058517E31CE7017600594648 /* YCFriendTrendsViewController.xib in Resources */ = {isa = PBXBuildFile; fileRef = 058517E21CE7017600594648 /* YCFriendTrendsViewController.xib */; };
		05DC40BB1CDDC29300E24CDA /* Assets.xcassets in Resources */ = {isa = PBXBuildFile; fileRef = 05DC40BA1CDDC29300E24CDA /* Assets.xcassets */; };
/* End PBXBuildFile section */

/* Begin PBXFileReference section */
		053E05A11CE4D2180090E949 /* YCEssenceViewController.h */ = {isa = PBXFileReference; fileEncoding = 4; lastKnownFileType = sourcecode.c.h; path = YCEssenceViewController.h; sourceTree = "<group>"; };
		053E05A21CE4D2180090E949 /* YCEssenceViewController.m */ = {isa = PBXFileReference; fileEncoding = 4; lastKnownFileType = sourcecode.c.objc; path = YCEssenceViewController.m; sourceTree = "<group>"; };
		053E05A71CE4D2180090E949 /* YCFriendTrendsViewController.h */ = {isa = PBXFileReference; fileEncoding = 4; lastKnownFileType = sourcecode.c.h; path = YCFriendTrendsViewController.h; sourceTree = "<group>"; };
		053E05A81CE4D2180090E949 /* YCFriendTrendsViewController.m */ = {isa = PBXFileReference; fileEncoding = 4; lastKnownFileType = sourcecode.c.objc; path = YCFriendTrendsViewController.m; sourceTree = "<group>"; };
		053E05AD1CE4D2180090E949 /* YCMeViewController.h */ = {isa = PBXFileReference; fileEncoding = 4; lastKnownFileType = sourcecode.c.h; path = YCMeViewController.h; sourceTree = "<group>"; };
		053E05AE1CE4D2180090E949 /* YCMeViewController.m */ = {isa = PBXFileReference; fileEncoding = 4; lastKnownFileType = sourcecode.c.objc; path = YCMeViewController.m; sourceTree = "<group>"; };
		053E05B31CE4D2180090E949 /* YCNewViewController.h */ = {isa = PBXFileReference; fileEncoding = 4; lastKnownFileType = sourcecode.c.h; path = YCNewViewController.h; sourceTree = "<group>"; };
		053E05B41CE4D2180090E949 /* YCNewViewController.m */ = {isa = PBXFileReference; fileEncoding = 4; lastKnownFileType = sourcecode.c.objc; path = YCNewViewController.m; sourceTree = "<group>"; };
		053E05B81CE4D2180090E949 /* AppDelegate.h */ = {isa = PBXFileReference; fileEncoding = 4; lastKnownFileType = sourcecode.c.h; path = AppDelegate.h; sourceTree = "<group>"; };
		053E05B91CE4D2180090E949 /* AppDelegate.m */ = {isa = PBXFileReference; fileEncoding = 4; lastKnownFileType = sourcecode.c.objc; path = AppDelegate.m; sourceTree = "<group>"; };
		053E05BB1CE4D2180090E949 /* UIBarButtonItem+YCExtension.h */ = {isa = PBXFileReference; fileEncoding = 4; lastKnownFileType = sourcecode.c.h; path = "UIBarButtonItem+YCExtension.h"; sourceTree = "<group>"; };
		053E05BC1CE4D2180090E949 /* UIBarButtonItem+YCExtension.m */ = {isa = PBXFileReference; fileEncoding = 4; lastKnownFileType = sourcecode.c.objc; path = "UIBarButtonItem+YCExtension.m"; sourceTree = "<group>"; };
		053E05BD1CE4D2180090E949 /* UIView+YCExtensiom.h */ = {isa = PBXFileReference; fileEncoding = 4; lastKnownFileType = sourcecode.c.h; path = "UIView+YCExtensiom.h"; sourceTree = "<group>"; };
		053E05BE1CE4D2180090E949 /* UIView+YCExtensiom.m */ = {isa = PBXFileReference; fileEncoding = 4; lastKnownFileType = sourcecode.c.objc; path = "UIView+YCExtensiom.m"; sourceTree = "<group>"; };
		053E05C01CE4D2180090E949 /* YCTabBarController.h */ = {isa = PBXFileReference; fileEncoding = 4; lastKnownFileType = sourcecode.c.h; path = YCTabBarController.h; sourceTree = "<group>"; };
		053E05C11CE4D2180090E949 /* YCTabBarController.m */ = {isa = PBXFileReference; fileEncoding = 4; lastKnownFileType = sourcecode.c.objc; path = YCTabBarController.m; sourceTree = "<group>"; };
		053E05C21CE4D2180090E949 /* main.m */ = {isa = PBXFileReference; fileEncoding = 4; lastKnownFileType = sourcecode.c.objc; path = main.m; sourceTree = "<group>"; };
		053E05C31CE4D2180090E949 /* PrefixHeader.pch */ = {isa = PBXFileReference; fileEncoding = 4; lastKnownFileType = sourcecode.c.h; path = PrefixHeader.pch; sourceTree = "<group>"; };
		053E05C51CE4D2180090E949 /* YCTabBar.h */ = {isa = PBXFileReference; fileEncoding = 4; lastKnownFileType = sourcecode.c.h; path = YCTabBar.h; sourceTree = "<group>"; };
		053E05C61CE4D2180090E949 /* YCTabBar.m */ = {isa = PBXFileReference; fileEncoding = 4; lastKnownFileType = sourcecode.c.objc; path = YCTabBar.m; sourceTree = "<group>"; };
		058517DC1CE6D9CD00594648 /* YCNavigationController.h */ = {isa = PBXFileReference; fileEncoding = 4; lastKnownFileType = sourcecode.c.h; path = YCNavigationController.h; sourceTree = "<group>"; };
		058517DD1CE6D9CD00594648 /* YCNavigationController.m */ = {isa = PBXFileReference; fileEncoding = 4; lastKnownFileType = sourcecode.c.objc; path = YCNavigationController.m; sourceTree = "<group>"; };
		058517E21CE7017600594648 /* YCFriendTrendsViewController.xib */ = {isa = PBXFileReference; fileEncoding = 4; lastKnownFileType = file.xib; path = YCFriendTrendsViewController.xib; sourceTree = "<group>"; };
		05DC40AB1CDDC29300E24CDA /* YC百思.app */ = {isa = PBXFileReference; explicitFileType = wrapper.application; includeInIndex = 0; path = "YC百思.app"; sourceTree = BUILT_PRODUCTS_DIR; };
		05DC40BA1CDDC29300E24CDA /* Assets.xcassets */ = {isa = PBXFileReference; lastKnownFileType = folder.assetcatalog; path = Assets.xcassets; sourceTree = "<group>"; };
		05DC40BF1CDDC29300E24CDA /* Info.plist */ = {isa = PBXFileReference; lastKnownFileType = text.plist.xml; path = Info.plist; sourceTree = "<group>"; };
/* End PBXFileReference section */

/* Begin PBXFrameworksBuildPhase section */
		05DC40A81CDDC29300E24CDA /* Frameworks */ = {
			isa = PBXFrameworksBuildPhase;
			buildActionMask = 2147483647;
			files = (
			);
			runOnlyForDeploymentPostprocessing = 0;
		};
/* End PBXFrameworksBuildPhase section */

/* Begin PBXGroup section */
		053E059E1CE4D2180090E949 /* Classes */ = {
			isa = PBXGroup;
			children = (
				053E059F1CE4D2180090E949 /* Essence-精华 */,
				053E05B11CE4D2180090E949 /* Ness-新帖 */,
				053E05A51CE4D2180090E949 /* FriendTrends-关注 */,
				053E05AB1CE4D2180090E949 /* Me-我的 */,
				053E05B71CE4D2180090E949 /* Other-其它 */,
			);
			path = Classes;
			sourceTree = "<group>";
		};
		053E059F1CE4D2180090E949 /* Essence-精华 */ = {
			isa = PBXGroup;
			children = (
				053E05A01CE4D2180090E949 /* Controller */,
				053E05A31CE4D2180090E949 /* Model */,
				053E05A41CE4D2180090E949 /* View */,
			);
			path = "Essence-精华";
			sourceTree = "<group>";
		};
		053E05A01CE4D2180090E949 /* Controller */ = {
			isa = PBXGroup;
			children = (
				053E05A11CE4D2180090E949 /* YCEssenceViewController.h */,
				053E05A21CE4D2180090E949 /* YCEssenceViewController.m */,
			);
			path = Controller;
			sourceTree = "<group>";
		};
		053E05A31CE4D2180090E949 /* Model */ = {
			isa = PBXGroup;
			children = (
			);
			path = Model;
			sourceTree = "<group>";
		};
		053E05A41CE4D2180090E949 /* View */ = {
			isa = PBXGroup;
			children = (
			);
			path = View;
			sourceTree = "<group>";
		};
		053E05A51CE4D2180090E949 /* FriendTrends-关注 */ = {
			isa = PBXGroup;
			children = (
				053E05A61CE4D2180090E949 /* Controller */,
				053E05A91CE4D2180090E949 /* Model */,
				053E05AA1CE4D2180090E949 /* View */,
			);
			path = "FriendTrends-关注";
			sourceTree = "<group>";
		};
		053E05A61CE4D2180090E949 /* Controller */ = {
			isa = PBXGroup;
			children = (
				053E05A71CE4D2180090E949 /* YCFriendTrendsViewController.h */,
				053E05A81CE4D2180090E949 /* YCFriendTrendsViewController.m */,
				058517E21CE7017600594648 /* YCFriendTrendsViewController.xib */,
			);
			path = Controller;
			sourceTree = "<group>";
		};
		053E05A91CE4D2180090E949 /* Model */ = {
			isa = PBXGroup;
			children = (
			);
			path = Model;
			sourceTree = "<group>";
		};
		053E05AA1CE4D2180090E949 /* View */ = {
			isa = PBXGroup;
			children = (
			);
			path = View;
			sourceTree = "<group>";
		};
		053E05AB1CE4D2180090E949 /* Me-我的 */ = {
			isa = PBXGroup;
			children = (
				053E05AC1CE4D2180090E949 /* Controller */,
				053E05AF1CE4D2180090E949 /* Model */,
				053E05B01CE4D2180090E949 /* View */,
			);
			path = "Me-我的";
			sourceTree = "<group>";
		};
		053E05AC1CE4D2180090E949 /* Controller */ = {
			isa = PBXGroup;
			children = (
				053E05AD1CE4D2180090E949 /* YCMeViewController.h */,
				053E05AE1CE4D2180090E949 /* YCMeViewController.m */,
			);
			path = Controller;
			sourceTree = "<group>";
		};
		053E05AF1CE4D2180090E949 /* Model */ = {
			isa = PBXGroup;
			children = (
			);
			path = Model;
			sourceTree = "<group>";
		};
		053E05B01CE4D2180090E949 /* View */ = {
			isa = PBXGroup;
			children = (
			);
			path = View;
			sourceTree = "<group>";
		};
		053E05B11CE4D2180090E949 /* Ness-新帖 */ = {
			isa = PBXGroup;
			children = (
				053E05B21CE4D2180090E949 /* Controller */,
				053E05B51CE4D2180090E949 /* Model */,
				053E05B61CE4D2180090E949 /* View */,
			);
			path = "Ness-新帖";
			sourceTree = "<group>";
		};
		053E05B21CE4D2180090E949 /* Controller */ = {
			isa = PBXGroup;
			children = (
				053E05B31CE4D2180090E949 /* YCNewViewController.h */,
				053E05B41CE4D2180090E949 /* YCNewViewController.m */,
			);
			path = Controller;
			sourceTree = "<group>";
		};
		053E05B51CE4D2180090E949 /* Model */ = {
			isa = PBXGroup;
			children = (
			);
			path = Model;
			sourceTree = "<group>";
		};
		053E05B61CE4D2180090E949 /* View */ = {
			isa = PBXGroup;
			children = (
			);
			path = View;
			sourceTree = "<group>";
		};
		053E05B71CE4D2180090E949 /* Other-其它 */ = {
			isa = PBXGroup;
			children = (
				053E05BA1CE4D2180090E949 /* Category */,
				053E05BF1CE4D2180090E949 /* Controller */,
				053E05C41CE4D2180090E949 /* View */,
				053E05B81CE4D2180090E949 /* AppDelegate.h */,
				053E05B91CE4D2180090E949 /* AppDelegate.m */,
				053E05C21CE4D2180090E949 /* main.m */,
				053E05C31CE4D2180090E949 /* PrefixHeader.pch */,
			);
			path = "Other-其它";
			sourceTree = "<group>";
		};
		053E05BA1CE4D2180090E949 /* Category */ = {
			isa = PBXGroup;
			children = (
				053E05BB1CE4D2180090E949 /* UIBarButtonItem+YCExtension.h */,
				053E05BC1CE4D2180090E949 /* UIBarButtonItem+YCExtension.m */,
				053E05BD1CE4D2180090E949 /* UIView+YCExtensiom.h */,
				053E05BE1CE4D2180090E949 /* UIView+YCExtensiom.m */,
			);
			path = Category;
			sourceTree = "<group>";
		};
		053E05BF1CE4D2180090E949 /* Controller */ = {
			isa = PBXGroup;
			children = (
				053E05C01CE4D2180090E949 /* YCTabBarController.h */,
				053E05C11CE4D2180090E949 /* YCTabBarController.m */,
				058517DC1CE6D9CD00594648 /* YCNavigationController.h */,
				058517DD1CE6D9CD00594648 /* YCNavigationController.m */,
			);
			path = Controller;
			sourceTree = "<group>";
		};
		053E05C41CE4D2180090E949 /* View */ = {
			isa = PBXGroup;
			children = (
				053E05C51CE4D2180090E949 /* YCTabBar.h */,
				053E05C61CE4D2180090E949 /* YCTabBar.m */,
			);
			path = View;
			sourceTree = "<group>";
		};
		05DC40A21CDDC29300E24CDA = {
			isa = PBXGroup;
			children = (
				05DC40AD1CDDC29300E24CDA /* YC百思 */,
				05DC40AC1CDDC29300E24CDA /* Products */,
			);
			sourceTree = "<group>";
		};
		05DC40AC1CDDC29300E24CDA /* Products */ = {
			isa = PBXGroup;
			children = (
				05DC40AB1CDDC29300E24CDA /* YC百思.app */,
			);
			name = Products;
			sourceTree = "<group>";
		};
		05DC40AD1CDDC29300E24CDA /* YC百思 */ = {
			isa = PBXGroup;
			children = (
				053E059E1CE4D2180090E949 /* Classes */,
				05DC40AE1CDDC29300E24CDA /* Supporting Files */,
			);
			path = "YC百思";
			sourceTree = "<group>";
		};
		05DC40AE1CDDC29300E24CDA /* Supporting Files */ = {
			isa = PBXGroup;
			children = (
				05DC40BA1CDDC29300E24CDA /* Assets.xcassets */,
				05DC40BF1CDDC29300E24CDA /* Info.plist */,
			);
			name = "Supporting Files";
			sourceTree = "<group>";
		};
/* End PBXGroup section */

/* Begin PBXNativeTarget section */
		05DC40AA1CDDC29300E24CDA /* YC百思 */ = {
			isa = PBXNativeTarget;
			buildConfigurationList = 05DC40C21CDDC29300E24CDA /* Build configuration list for PBXNativeTarget "YC百思" */;
			buildPhases = (
				05DC40A71CDDC29300E24CDA /* Sources */,
				05DC40A81CDDC29300E24CDA /* Frameworks */,
				05DC40A91CDDC29300E24CDA /* Resources */,
			);
			buildRules = (
			);
			dependencies = (
			);
			name = "YC百思";
			productName = "YC百思";
			productReference = 05DC40AB1CDDC29300E24CDA /* YC百思.app */;
			productType = "com.apple.product-type.application";
		};
/* End PBXNativeTarget section */

/* Begin PBXProject section */
		05DC40A31CDDC29300E24CDA /* Project object */ = {
			isa = PBXProject;
			attributes = {
				CLASSPREFIX = YC;
				LastUpgradeCheck = 0720;
				ORGANIZATIONNAME = renyihcun;
				TargetAttributes = {
					05DC40AA1CDDC29300E24CDA = {
						CreatedOnToolsVersion = 7.2;
					};
				};
			};
			buildConfigurationList = 05DC40A61CDDC29300E24CDA /* Build configuration list for PBXProject "YC百思" */;
			compatibilityVersion = "Xcode 3.2";
			developmentRegion = English;
			hasScannedForEncodings = 0;
			knownRegions = (
				en,
				Base,
			);
			mainGroup = 05DC40A21CDDC29300E24CDA;
			productRefGroup = 05DC40AC1CDDC29300E24CDA /* Products */;
			projectDirPath = "";
			projectRoot = "";
			targets = (
				05DC40AA1CDDC29300E24CDA /* YC百思 */,
			);
		};
/* End PBXProject section */

/* Begin PBXResourcesBuildPhase section */
		05DC40A91CDDC29300E24CDA /* Resources */ = {
			isa = PBXResourcesBuildPhase;
			buildActionMask = 2147483647;
			files = (
				058517E31CE7017600594648 /* YCFriendTrendsViewController.xib in Resources */,
				05DC40BB1CDDC29300E24CDA /* Assets.xcassets in Resources */,
			);
			runOnlyForDeploymentPostprocessing = 0;
		};
/* End PBXResourcesBuildPhase section */

/* Begin PBXSourcesBuildPhase section */
		05DC40A71CDDC29300E24CDA /* Sources */ = {
			isa = PBXSourcesBuildPhase;
			buildActionMask = 2147483647;
			files = (
				058517DE1CE6D9CD00594648 /* YCNavigationController.m in Sources */,
				053E05C81CE4D2180090E949 /* YCFriendTrendsViewController.m in Sources */,
				053E05CA1CE4D2180090E949 /* YCNewViewController.m in Sources */,
				053E05C91CE4D2180090E949 /* YCMeViewController.m in Sources */,
				053E05CE1CE4D2180090E949 /* YCTabBarController.m in Sources */,
				053E05C71CE4D2180090E949 /* YCEssenceViewController.m in Sources */,
				053E05CC1CE4D2180090E949 /* UIBarButtonItem+YCExtension.m in Sources */,
				053E05CD1CE4D2180090E949 /* UIView+YCExtensiom.m in Sources */,
				053E05CF1CE4D2180090E949 /* main.m in Sources */,
				053E05CB1CE4D2180090E949 /* AppDelegate.m in Sources */,
				053E05D01CE4D2180090E949 /* YCTabBar.m in Sources */,
			);
			runOnlyForDeploymentPostprocessing = 0;
		};
/* End PBXSourcesBuildPhase section */

/* Begin XCBuildConfiguration section */
		05DC40C01CDDC29300E24CDA /* Debug */ = {
			isa = XCBuildConfiguration;
			buildSettings = {
				ALWAYS_SEARCH_USER_PATHS = NO;
				CLANG_CXX_LANGUAGE_STANDARD = "gnu++0x";
				CLANG_CXX_LIBRARY = "libc++";
				CLANG_ENABLE_MODULES = YES;
				CLANG_ENABLE_OBJC_ARC = YES;
				CLANG_WARN_BOOL_CONVERSION = YES;
				CLANG_WARN_CONSTANT_CONVERSION = YES;
				CLANG_WARN_DIRECT_OBJC_ISA_USAGE = YES_ERROR;
				CLANG_WARN_EMPTY_BODY = YES;
				CLANG_WARN_ENUM_CONVERSION = YES;
				CLANG_WARN_INT_CONVERSION = YES;
				CLANG_WARN_OBJC_ROOT_CLASS = YES_ERROR;
				CLANG_WARN_UNREACHABLE_CODE = YES;
				CLANG_WARN__DUPLICATE_METHOD_MATCH = YES;
				"CODE_SIGN_IDENTITY[sdk=iphoneos*]" = "iPhone Developer";
				COPY_PHASE_STRIP = NO;
				DEBUG_INFORMATION_FORMAT = dwarf;
				ENABLE_STRICT_OBJC_MSGSEND = YES;
				ENABLE_TESTABILITY = YES;
				GCC_C_LANGUAGE_STANDARD = gnu99;
				GCC_DYNAMIC_NO_PIC = NO;
				GCC_NO_COMMON_BLOCKS = YES;
				GCC_OPTIMIZATION_LEVEL = 0;
				GCC_PREPROCESSOR_DEFINITIONS = (
					"DEBUG=1",
					"$(inherited)",
				);
				GCC_WARN_64_TO_32_BIT_CONVERSION = YES;
				GCC_WARN_ABOUT_RETURN_TYPE = YES_ERROR;
				GCC_WARN_UNDECLARED_SELECTOR = YES;
				GCC_WARN_UNINITIALIZED_AUTOS = YES_AGGRESSIVE;
				GCC_WARN_UNUSED_FUNCTION = YES;
				GCC_WARN_UNUSED_VARIABLE = YES;
				IPHONEOS_DEPLOYMENT_TARGET = 9.2;
				MTL_ENABLE_DEBUG_INFO = YES;
				ONLY_ACTIVE_ARCH = YES;
				SDKROOT = iphoneos;
			};
			name = Debug;
		};
		05DC40C11CDDC29300E24CDA /* Release */ = {
			isa = XCBuildConfiguration;
			buildSettings = {
				ALWAYS_SEARCH_USER_PATHS = NO;
				CLANG_CXX_LANGUAGE_STANDARD = "gnu++0x";
				CLANG_CXX_LIBRARY = "libc++";
				CLANG_ENABLE_MODULES = YES;
				CLANG_ENABLE_OBJC_ARC = YES;
				CLANG_WARN_BOOL_CONVERSION = YES;
				CLANG_WARN_CONSTANT_CONVERSION = YES;
				CLANG_WARN_DIRECT_OBJC_ISA_USAGE = YES_ERROR;
				CLANG_WARN_EMPTY_BODY = YES;
				CLANG_WARN_ENUM_CONVERSION = YES;
				CLANG_WARN_INT_CONVERSION = YES;
				CLANG_WARN_OBJC_ROOT_CLASS = YES_ERROR;
				CLANG_WARN_UNREACHABLE_CODE = YES;
				CLANG_WARN__DUPLICATE_METHOD_MATCH = YES;
				"CODE_SIGN_IDENTITY[sdk=iphoneos*]" = "iPhone Developer";
				COPY_PHASE_STRIP = NO;
				DEBUG_INFORMATION_FORMAT = "dwarf-with-dsym";
				ENABLE_NS_ASSERTIONS = NO;
				ENABLE_STRICT_OBJC_MSGSEND = YES;
				GCC_C_LANGUAGE_STANDARD = gnu99;
				GCC_NO_COMMON_BLOCKS = YES;
				GCC_WARN_64_TO_32_BIT_CONVERSION = YES;
				GCC_WARN_ABOUT_RETURN_TYPE = YES_ERROR;
				GCC_WARN_UNDECLARED_SELECTOR = YES;
				GCC_WARN_UNINITIALIZED_AUTOS = YES_AGGRESSIVE;
				GCC_WARN_UNUSED_FUNCTION = YES;
				GCC_WARN_UNUSED_VARIABLE = YES;
				IPHONEOS_DEPLOYMENT_TARGET = 9.2;
				MTL_ENABLE_DEBUG_INFO = NO;
				SDKROOT = iphoneos;
				VALIDATE_PRODUCT = YES;
			};
			name = Release;
		};
		05DC40C31CDDC29300E24CDA /* Debug */ = {
			isa = XCBuildConfiguration;
			buildSettings = {
				ASSETCATALOG_COMPILER_APPICON_NAME = AppIcon;
				ASSETCATALOG_COMPILER_LAUNCHIMAGE_NAME = LaunchImage;
				GCC_PREFIX_HEADER = "YC百思/Classes/Other-其它/PrefixHeader.pch";
				INFOPLIST_FILE = "YC百思/Info.plist";
				IPHONEOS_DEPLOYMENT_TARGET = 8.4;
				LD_RUNPATH_SEARCH_PATHS = "$(inherited) @executable_path/Frameworks";
				PRODUCT_BUNDLE_IDENTIFIER = "com.renyichun.YC--";
				PRODUCT_NAME = "$(TARGET_NAME)";
			};
			name = Debug;
		};
		05DC40C41CDDC29300E24CDA /* Release */ = {
			isa = XCBuildConfiguration;
			buildSettings = {
				ASSETCATALOG_COMPILER_APPICON_NAME = AppIcon;
				ASSETCATALOG_COMPILER_LAUNCHIMAGE_NAME = LaunchImage;
				GCC_PREFIX_HEADER = "YC百思/Classes/Other-其它/PrefixHeader.pch";
				INFOPLIST_FILE = "YC百思/Info.plist";
				IPHONEOS_DEPLOYMENT_TARGET = 8.4;
				LD_RUNPATH_SEARCH_PATHS = "$(inherited) @executable_path/Frameworks";
				PRODUCT_BUNDLE_IDENTIFIER = "com.renyichun.YC--";
				PRODUCT_NAME = "$(TARGET_NAME)";
			};
			name = Release;
		};
/* End XCBuildConfiguration section */

/* Begin XCConfigurationList section */
		05DC40A61CDDC29300E24CDA /* Build configuration list for PBXProject "YC百思" */ = {
			isa = XCConfigurationList;
			buildConfigurations = (
				05DC40C01CDDC29300E24CDA /* Debug */,
				05DC40C11CDDC29300E24CDA /* Release */,
			);
			defaultConfigurationIsVisible = 0;
			defaultConfigurationName = Release;
		};
		05DC40C21CDDC29300E24CDA /* Build configuration list for PBXNativeTarget "YC百思" */ = {
			isa = XCConfigurationList;
			buildConfigurations = (
				05DC40C31CDDC29300E24CDA /* Debug */,
				05DC40C41CDDC29300E24CDA /* Release */,
			);
			defaultConfigurationIsVisible = 0;
			defaultConfigurationName = Release;
		};
/* End XCConfigurationList section */
	};
	rootObject = 05DC40A31CDDC29300E24CDA /* Project object */;
}
